
Microsoft Visual Studio Solution File, Format Version 12.00
# Visual Studio Version 17
VisualStudioVersion = 17.0.31903.59
MinimumVisualStudioVersion = 10.0.40219.1
Project("{9A19103F-16F7-4668-BE54-9A1E7A4F7556}") = "SilverScreen", "SilverScreen\SilverScreen.csproj", "{1C94B66C-558D-401E-992B-1C20EFEB33F2}"
EndProject
Project("{2150E333-8FDC-42A3-9474-1A3956D46DE8}") = "Domain", "Domain", "{6844385D-8EBC-497A-BFE7-30AA294A55CD}"
EndProject
Project("{9A19103F-16F7-4668-BE54-9A1E7A4F7556}") = "Contracts", "Domain\Contracts\Contracts.csproj", "{6A0D45F6-B784-4010-A735-BB358668A609}"
EndProject
Project("{9A19103F-16F7-4668-BE54-9A1E7A4F7556}") = "Entities", "Domain\Entities\Entities.csproj", "{0CFF4653-9A3F-4054-AB3A-F0C715495E6B}"
EndProject
Project("{2150E333-8FDC-42A3-9474-1A3956D46DE8}") = "Service", "Service", "{B72F0501-9FC8-427B-860A-8454763BCAAA}"
EndProject
Project("{9A19103F-16F7-4668-BE54-9A1E7A4F7556}") = "LoggerService", "Service\LoggerService\LoggerService.csproj", "{45B91C42-3E90-4548-9026-C2A10E5F5D76}"
EndProject
Project("{2150E333-8FDC-42A3-9474-1A3956D46DE8}") = "Infrastructure", "Infrastructure", "{F3A10D25-83CC-42B7-B485-E1E9B32820FB}"
EndProject
Project("{9A19103F-16F7-4668-BE54-9A1E7A4F7556}") = "Repository", "Infrastructure\Repository\Repository.csproj", "{CE4E4E6F-FE3A-42D3-B39D-D0FB45E0A95A}"
EndProject
Project("{9A19103F-16F7-4668-BE54-9A1E7A4F7556}") = "Service.Contracts", "Service\Service.Contracts\Service.Contracts.csproj", "{FDC72D0B-2D21-420F-A8F4-EECFA8309B3E}"
EndProject
Project("{9A19103F-16F7-4668-BE54-9A1E7A4F7556}") = "Services", "Service\Services\Services.csproj", "{E562673A-F0C7-4F71-9D9D-0B6C876A4486}"
EndProject
Project("{2150E333-8FDC-42A3-9474-1A3956D46DE8}") = "Presentations", "Presentations", "{0C693F5D-979F-4E51-8B63-6A35A776ACFA}"
EndProject
Project("{FAE04EC0-301F-11D3-BF4B-00C04F79EFBC}") = "Presentation", "Presentations\Presentation\Presentation.csproj", "{523245A1-B02E-4984-955B-9583BE7DEA72}"
EndProject
Project("{FAE04EC0-301F-11D3-BF4B-00C04F79EFBC}") = "Shared", "Service\Shared\Shared.csproj", "{2F450B3E-6B05-4646-892F-4204BC53FA29}"
EndProject
Global
	GlobalSection(SolutionConfigurationPlatforms) = preSolution
		Debug|Any CPU = Debug|Any CPU
		Release|Any CPU = Release|Any CPU
	EndGlobalSection
	GlobalSection(ProjectConfigurationPlatforms) = postSolution
		{1C94B66C-558D-401E-992B-1C20EFEB33F2}.Debug|Any CPU.ActiveCfg = Debug|Any CPU
		{1C94B66C-558D-401E-992B-1C20EFEB33F2}.Debug|Any CPU.Build.0 = Debug|Any CPU
		{1C94B66C-558D-401E-992B-1C20EFEB33F2}.Release|Any CPU.ActiveCfg = Release|Any CPU
		{1C94B66C-558D-401E-992B-1C20EFEB33F2}.Release|Any CPU.Build.0 = Release|Any CPU
		{6A0D45F6-B784-4010-A735-BB358668A609}.Debug|Any CPU.ActiveCfg = Debug|Any CPU
		{6A0D45F6-B784-4010-A735-BB358668A609}.Debug|Any CPU.Build.0 = Debug|Any CPU
		{6A0D45F6-B784-4010-A735-BB358668A609}.Release|Any CPU.ActiveCfg = Release|Any CPU
		{6A0D45F6-B784-4010-A735-BB358668A609}.Release|Any CPU.Build.0 = Release|Any CPU
		{0CFF4653-9A3F-4054-AB3A-F0C715495E6B}.Debug|Any CPU.ActiveCfg = Debug|Any CPU
		{0CFF4653-9A3F-4054-AB3A-F0C715495E6B}.Debug|Any CPU.Build.0 = Debug|Any CPU
		{0CFF4653-9A3F-4054-AB3A-F0C715495E6B}.Release|Any CPU.ActiveCfg = Release|Any CPU
		{0CFF4653-9A3F-4054-AB3A-F0C715495E6B}.Release|Any CPU.Build.0 = Release|Any CPU
		{45B91C42-3E90-4548-9026-C2A10E5F5D76}.Debug|Any CPU.ActiveCfg = Debug|Any CPU
		{45B91C42-3E90-4548-9026-C2A10E5F5D76}.Debug|Any CPU.Build.0 = Debug|Any CPU
		{45B91C42-3E90-4548-9026-C2A10E5F5D76}.Release|Any CPU.ActiveCfg = Release|Any CPU
		{45B91C42-3E90-4548-9026-C2A10E5F5D76}.Release|Any CPU.Build.0 = Release|Any CPU
		{CE4E4E6F-FE3A-42D3-B39D-D0FB45E0A95A}.Debug|Any CPU.ActiveCfg = Debug|Any CPU
		{CE4E4E6F-FE3A-42D3-B39D-D0FB45E0A95A}.Debug|Any CPU.Build.0 = Debug|Any CPU
		{CE4E4E6F-FE3A-42D3-B39D-D0FB45E0A95A}.Release|Any CPU.ActiveCfg = Release|Any CPU
		{CE4E4E6F-FE3A-42D3-B39D-D0FB45E0A95A}.Release|Any CPU.Build.0 = Release|Any CPU
		{FDC72D0B-2D21-420F-A8F4-EECFA8309B3E}.Debug|Any CPU.ActiveCfg = Debug|Any CPU
		{FDC72D0B-2D21-420F-A8F4-EECFA8309B3E}.Debug|Any CPU.Build.0 = Debug|Any CPU
		{FDC72D0B-2D21-420F-A8F4-EECFA8309B3E}.Release|Any CPU.ActiveCfg = Release|Any CPU
		{FDC72D0B-2D21-420F-A8F4-EECFA8309B3E}.Release|Any CPU.Build.0 = Release|Any CPU
		{E562673A-F0C7-4F71-9D9D-0B6C876A4486}.Debug|Any CPU.ActiveCfg = Debug|Any CPU
		{E562673A-F0C7-4F71-9D9D-0B6C876A4486}.Debug|Any CPU.Build.0 = Debug|Any CPU
		{E562673A-F0C7-4F71-9D9D-0B6C876A4486}.Release|Any CPU.ActiveCfg = Release|Any CPU
		{E562673A-F0C7-4F71-9D9D-0B6C876A4486}.Release|Any CPU.Build.0 = Release|Any CPU
		{523245A1-B02E-4984-955B-9583BE7DEA72}.Debug|Any CPU.ActiveCfg = Debug|Any CPU
		{523245A1-B02E-4984-955B-9583BE7DEA72}.Debug|Any CPU.Build.0 = Debug|Any CPU
		{523245A1-B02E-4984-955B-9583BE7DEA72}.Release|Any CPU.ActiveCfg = Release|Any CPU
		{523245A1-B02E-4984-955B-9583BE7DEA72}.Release|Any CPU.Build.0 = Release|Any CPU
		{2F450B3E-6B05-4646-892F-4204BC53FA29}.Debug|Any CPU.ActiveCfg = Debug|Any CPU
		{2F450B3E-6B05-4646-892F-4204BC53FA29}.Debug|Any CPU.Build.0 = Debug|Any CPU
		{2F450B3E-6B05-4646-892F-4204BC53FA29}.Release|Any CPU.ActiveCfg = Release|Any CPU
		{2F450B3E-6B05-4646-892F-4204BC53FA29}.Release|Any CPU.Build.0 = Release|Any CPU
	EndGlobalSection
	GlobalSection(SolutionProperties) = preSolution
		HideSolutionNode = FALSE
	EndGlobalSection
	GlobalSection(NestedProjects) = preSolution
		{6A0D45F6-B784-4010-A735-BB358668A609} = {6844385D-8EBC-497A-BFE7-30AA294A55CD}
		{0CFF4653-9A3F-4054-AB3A-F0C715495E6B} = {6844385D-8EBC-497A-BFE7-30AA294A55CD}
		{45B91C42-3E90-4548-9026-C2A10E5F5D76} = {B72F0501-9FC8-427B-860A-8454763BCAAA}
		{CE4E4E6F-FE3A-42D3-B39D-D0FB45E0A95A} = {F3A10D25-83CC-42B7-B485-E1E9B32820FB}
		{FDC72D0B-2D21-420F-A8F4-EECFA8309B3E} = {B72F0501-9FC8-427B-860A-8454763BCAAA}
		{E562673A-F0C7-4F71-9D9D-0B6C876A4486} = {B72F0501-9FC8-427B-860A-8454763BCAAA}
		{523245A1-B02E-4984-955B-9583BE7DEA72} = {0C693F5D-979F-4E51-8B63-6A35A776ACFA}
		{2F450B3E-6B05-4646-892F-4204BC53FA29} = {B72F0501-9FC8-427B-860A-8454763BCAAA}
	EndGlobalSection
	GlobalSection(ExtensibilityGlobals) = postSolution
		SolutionGuid = {6E289987-1009-4DFF-8385-BF76FD141B54}
	EndGlobalSection
EndGlobal
